
Microsoft Visual Studio Solution File, Format Version 12.00
# Visual Studio Version 17
VisualStudioVersion = 17.6.33712.159
MinimumVisualStudioVersion = 10.0.40219.1
Project("{9A19103F-16F7-4668-BE54-9A1E7A4F7556}") = "DockerMVC", "DockerMVC.csproj", "{09C65273-F876-4623-BB3C-80DFB0E076F6}"
EndProject
Global
	GlobalSection(SolutionConfigurationPlatforms) = preSolution
		Debug|Any CPU = Debug|Any CPU
		Release|Any CPU = Release|Any CPU
	EndGlobalSection
	GlobalSection(ProjectConfigurationPlatforms) = postSolution
		{09C65273-F876-4623-BB3C-80DFB0E076F6}.Debug|Any CPU.ActiveCfg = Debug|Any CPU
		{09C65273-F876-4623-BB3C-80DFB0E076F6}.Debug|Any CPU.Build.0 = Debug|Any CPU
		{09C65273-F876-4623-BB3C-80DFB0E076F6}.Release|Any CPU.ActiveCfg = Release|Any CPU
		{09C65273-F876-4623-BB3C-80DFB0E076F6}.Release|Any CPU.Build.0 = Release|Any CPU
	EndGlobalSection
	GlobalSection(SolutionProperties) = preSolution
		HideSolutionNode = FALSE
	EndGlobalSection
	GlobalSection(ExtensibilityGlobals) = postSolution
		SolutionGuid = {B261C2EA-A8B9-4D7A-A2C5-E0750D498145}
	EndGlobalSection
EndGlobal
